
Microsoft Visual Studio Solution File, Format Version 12.00
# Visual Studio 15
Project("{FAE04EC0-301F-11D3-BF4B-00C04F79EFBC}") = "pcl-test", "pcl-test.csproj", "{B61A03E9-CE75-93C1-983A-6A721492159E}"
EndProject
Project("{FAE04EC0-301F-11D3-BF4B-00C04F79EFBC}") = "pcl-test.Editor", "pcl-test.Editor.csproj", "{ABE9E028-C2FE-E28B-7177-39690E6707AA}"
EndProject
Global
	GlobalSection(SolutionConfigurationPlatforms) = preSolution
		Debug|Any CPU = Debug|Any CPU
		Release|Any CPU = Release|Any CPU
	EndGlobalSection
	GlobalSection(ProjectConfigurationPlatforms) = postSolution
		{B61A03E9-CE75-93C1-983A-6A721492159E}.Debug|Any CPU.ActiveCfg = Debug|Any CPU
		{B61A03E9-CE75-93C1-983A-6A721492159E}.Debug|Any CPU.Build.0 = Debug|Any CPU
		{B61A03E9-CE75-93C1-983A-6A721492159E}.Release|Any CPU.ActiveCfg = Release|Any CPU
		{B61A03E9-CE75-93C1-983A-6A721492159E}.Release|Any CPU.Build.0 = Release|Any CPU
		{ABE9E028-C2FE-E28B-7177-39690E6707AA}.Debug|Any CPU.ActiveCfg = Debug|Any CPU
		{ABE9E028-C2FE-E28B-7177-39690E6707AA}.Debug|Any CPU.Build.0 = Debug|Any CPU
		{ABE9E028-C2FE-E28B-7177-39690E6707AA}.Release|Any CPU.ActiveCfg = Release|Any CPU
		{ABE9E028-C2FE-E28B-7177-39690E6707AA}.Release|Any CPU.Build.0 = Release|Any CPU
	EndGlobalSection
	GlobalSection(SolutionProperties) = preSolution
		HideSolutionNode = FALSE
	EndGlobalSection
EndGlobal
